// !$*UTF8*$!
{
	archiveVersion = 1;
	classes = {
	};
	objectVersion = 60;
	objects = {

/* Begin PBXBuildFile section */
		798474752C6A0003009429DB /* UITableView+Extensions.swift in Sources */ = {isa = PBXBuildFile; fileRef = 798474742C69FFFA009429DB /* UITableView+Extensions.swift */; };
		79D4FC302C6ADCAE0037117C /* OAuth.swift in Sources */ = {isa = PBXBuildFile; fileRef = 79D4FC2F2C6ADC9B0037117C /* OAuth.swift */; };
		79D4FC322C6ADFFC0037117C /* EmptyView.swift in Sources */ = {isa = PBXBuildFile; fileRef = 79D4FC312C6ADFF80037117C /* EmptyView.swift */; };
		79EAAF352C6807720081A634 /* AppDelegate.swift in Sources */ = {isa = PBXBuildFile; fileRef = 79EAAF342C6807720081A634 /* AppDelegate.swift */; };
		79EAAF3F2C6807720081A634 /* BauBuddy.xcdatamodeld in Sources */ = {isa = PBXBuildFile; fileRef = 79EAAF3D2C6807720081A634 /* BauBuddy.xcdatamodeld */; };
		79EAAF412C6807730081A634 /* Assets.xcassets in Resources */ = {isa = PBXBuildFile; fileRef = 79EAAF402C6807730081A634 /* Assets.xcassets */; };
		79EAAF532C6808300081A634 /* Task.swift in Sources */ = {isa = PBXBuildFile; fileRef = 79EAAF522C68082E0081A634 /* Task.swift */; };
		79EAAF552C68085D0081A634 /* APIManager.swift in Sources */ = {isa = PBXBuildFile; fileRef = 79EAAF542C6808580081A634 /* APIManager.swift */; };
		79EAAF572C6808730081A634 /* UIColor+Extensions.swift in Sources */ = {isa = PBXBuildFile; fileRef = 79EAAF562C6808720081A634 /* UIColor+Extensions.swift */; };
		79EAAF592C6808890081A634 /* Globals.swift in Sources */ = {isa = PBXBuildFile; fileRef = 79EAAF582C6808870081A634 /* Globals.swift */; };
		79EAAF672C6808FB0081A634 /* SettingsVC.swift in Sources */ = {isa = PBXBuildFile; fileRef = 79EAAF662C6808F70081A634 /* SettingsVC.swift */; };
		79EAAF692C68090F0081A634 /* TopView.swift in Sources */ = {isa = PBXBuildFile; fileRef = 79EAAF682C68090C0081A634 /* TopView.swift */; };
		79EAAF6B2C6809250081A634 /* TabbarController.swift in Sources */ = {isa = PBXBuildFile; fileRef = 79EAAF6A2C6809210081A634 /* TabbarController.swift */; };
		79EAAF6D2C68093E0081A634 /* HomeTableViewCell.swift in Sources */ = {isa = PBXBuildFile; fileRef = 79EAAF6C2C68093D0081A634 /* HomeTableViewCell.swift */; };
		79EAAF6F2C6809500081A634 /* HomeTableView.swift in Sources */ = {isa = PBXBuildFile; fileRef = 79EAAF6E2C68094C0081A634 /* HomeTableView.swift */; };
		79EAAF712C6809630081A634 /* HomeVC.swift in Sources */ = {isa = PBXBuildFile; fileRef = 79EAAF702C6809600081A634 /* HomeVC.swift */; };
		79EAAF732C6809A90081A634 /* SavedVC.swift in Sources */ = {isa = PBXBuildFile; fileRef = 79EAAF722C6809A00081A634 /* SavedVC.swift */; };
		79EAAF762C6809FA0081A634 /* Alamofire in Frameworks */ = {isa = PBXBuildFile; productRef = 79EAAF752C6809FA0081A634 /* Alamofire */; };
		79EAAF792C680A300081A634 /* Hero in Frameworks */ = {isa = PBXBuildFile; productRef = 79EAAF782C680A300081A634 /* Hero */; };
		79EAAF7C2C680A400081A634 /* SnapKit in Frameworks */ = {isa = PBXBuildFile; productRef = 79EAAF7B2C680A400081A634 /* SnapKit */; };
		79F143F72C68105000FB9E51 /* QRCodeScannerVC.swift in Sources */ = {isa = PBXBuildFile; fileRef = 79F143F62C68104F00FB9E51 /* QRCodeScannerVC.swift */; };
		79F143F92C683C0B00FB9E51 /* CoreDataHelper.swift in Sources */ = {isa = PBXBuildFile; fileRef = 79F143F82C683C0600FB9E51 /* CoreDataHelper.swift */; };
		79F143FB2C69EE4100FB9E51 /* SavedTableView.swift in Sources */ = {isa = PBXBuildFile; fileRef = 79F143FA2C69EE3800FB9E51 /* SavedTableView.swift */; };
		79F143FE2C69EE7F00FB9E51 /* SavedTableViewCell.swift in Sources */ = {isa = PBXBuildFile; fileRef = 79F143FD2C69EE7E00FB9E51 /* SavedTableViewCell.swift */; };
/* End PBXBuildFile section */

/* Begin PBXFileReference section */
		798474742C69FFFA009429DB /* UITableView+Extensions.swift */ = {isa = PBXFileReference; lastKnownFileType = sourcecode.swift; path = "UITableView+Extensions.swift"; sourceTree = "<group>"; };
		79D4FC2F2C6ADC9B0037117C /* OAuth.swift */ = {isa = PBXFileReference; lastKnownFileType = sourcecode.swift; path = OAuth.swift; sourceTree = "<group>"; };
		79D4FC312C6ADFF80037117C /* EmptyView.swift */ = {isa = PBXFileReference; lastKnownFileType = sourcecode.swift; path = EmptyView.swift; sourceTree = "<group>"; };
		79EAAF312C6807720081A634 /* BauBuddy.app */ = {isa = PBXFileReference; explicitFileType = wrapper.application; includeInIndex = 0; path = BauBuddy.app; sourceTree = BUILT_PRODUCTS_DIR; };
		79EAAF342C6807720081A634 /* AppDelegate.swift */ = {isa = PBXFileReference; lastKnownFileType = sourcecode.swift; path = AppDelegate.swift; sourceTree = "<group>"; };
		79EAAF3E2C6807720081A634 /* BauBuddy.xcdatamodel */ = {isa = PBXFileReference; lastKnownFileType = wrapper.xcdatamodel; path = BauBuddy.xcdatamodel; sourceTree = "<group>"; };
		79EAAF402C6807730081A634 /* Assets.xcassets */ = {isa = PBXFileReference; lastKnownFileType = folder.assetcatalog; path = Assets.xcassets; sourceTree = "<group>"; };
		79EAAF452C6807730081A634 /* Info.plist */ = {isa = PBXFileReference; lastKnownFileType = text.plist.xml; path = Info.plist; sourceTree = "<group>"; };
		79EAAF522C68082E0081A634 /* Task.swift */ = {isa = PBXFileReference; lastKnownFileType = sourcecode.swift; path = Task.swift; sourceTree = "<group>"; };
		79EAAF542C6808580081A634 /* APIManager.swift */ = {isa = PBXFileReference; lastKnownFileType = sourcecode.swift; path = APIManager.swift; sourceTree = "<group>"; };
		79EAAF562C6808720081A634 /* UIColor+Extensions.swift */ = {isa = PBXFileReference; lastKnownFileType = sourcecode.swift; path = "UIColor+Extensions.swift"; sourceTree = "<group>"; };
		79EAAF582C6808870081A634 /* Globals.swift */ = {isa = PBXFileReference; lastKnownFileType = sourcecode.swift; path = Globals.swift; sourceTree = "<group>"; };
		79EAAF662C6808F70081A634 /* SettingsVC.swift */ = {isa = PBXFileReference; lastKnownFileType = sourcecode.swift; path = SettingsVC.swift; sourceTree = "<group>"; };
		79EAAF682C68090C0081A634 /* TopView.swift */ = {isa = PBXFileReference; lastKnownFileType = sourcecode.swift; path = TopView.swift; sourceTree = "<group>"; };
		79EAAF6A2C6809210081A634 /* TabbarController.swift */ = {isa = PBXFileReference; lastKnownFileType = sourcecode.swift; path = TabbarController.swift; sourceTree = "<group>"; };
		79EAAF6C2C68093D0081A634 /* HomeTableViewCell.swift */ = {isa = PBXFileReference; lastKnownFileType = sourcecode.swift; path = HomeTableViewCell.swift; sourceTree = "<group>"; };
		79EAAF6E2C68094C0081A634 /* HomeTableView.swift */ = {isa = PBXFileReference; lastKnownFileType = sourcecode.swift; path = HomeTableView.swift; sourceTree = "<group>"; };
		79EAAF702C6809600081A634 /* HomeVC.swift */ = {isa = PBXFileReference; lastKnownFileType = sourcecode.swift; path = HomeVC.swift; sourceTree = "<group>"; };
		79EAAF722C6809A00081A634 /* SavedVC.swift */ = {isa = PBXFileReference; lastKnownFileType = sourcecode.swift; path = SavedVC.swift; sourceTree = "<group>"; };
		79F143F62C68104F00FB9E51 /* QRCodeScannerVC.swift */ = {isa = PBXFileReference; lastKnownFileType = sourcecode.swift; path = QRCodeScannerVC.swift; sourceTree = "<group>"; };
		79F143F82C683C0600FB9E51 /* CoreDataHelper.swift */ = {isa = PBXFileReference; lastKnownFileType = sourcecode.swift; path = CoreDataHelper.swift; sourceTree = "<group>"; };
		79F143FA2C69EE3800FB9E51 /* SavedTableView.swift */ = {isa = PBXFileReference; lastKnownFileType = sourcecode.swift; path = SavedTableView.swift; sourceTree = "<group>"; };
		79F143FD2C69EE7E00FB9E51 /* SavedTableViewCell.swift */ = {isa = PBXFileReference; lastKnownFileType = sourcecode.swift; path = SavedTableViewCell.swift; sourceTree = "<group>"; };
/* End PBXFileReference section */

/* Begin PBXFrameworksBuildPhase section */
		79EAAF2E2C6807720081A634 /* Frameworks */ = {
			isa = PBXFrameworksBuildPhase;
			buildActionMask = 2147483647;
			files = (
				79EAAF7C2C680A400081A634 /* SnapKit in Frameworks */,
				79EAAF792C680A300081A634 /* Hero in Frameworks */,
				79EAAF762C6809FA0081A634 /* Alamofire in Frameworks */,
			);
			runOnlyForDeploymentPostprocessing = 0;
		};
/* End PBXFrameworksBuildPhase section */

/* Begin PBXGroup section */
		79EAAF282C6807720081A634 = {
			isa = PBXGroup;
			children = (
				79EAAF332C6807720081A634 /* BauBuddy */,
				79EAAF322C6807720081A634 /* Products */,
			);
			sourceTree = "<group>";
		};
		79EAAF322C6807720081A634 /* Products */ = {
			isa = PBXGroup;
			children = (
				79EAAF312C6807720081A634 /* BauBuddy.app */,
			);
			name = Products;
			sourceTree = "<group>";
		};
		79EAAF332C6807720081A634 /* BauBuddy */ = {
			isa = PBXGroup;
			children = (
				79EAAF4B2C6807E80081A634 /* App */,
				79EAAF4C2C6807ED0081A634 /* Module */,
				79EAAF452C6807730081A634 /* Info.plist */,
				79EAAF3D2C6807720081A634 /* BauBuddy.xcdatamodeld */,
			);
			path = BauBuddy;
			sourceTree = "<group>";
		};
		79EAAF4B2C6807E80081A634 /* App */ = {
			isa = PBXGroup;
			children = (
				79EAAF512C68081A0081A634 /* Models */,
				79EAAF7D2C680AE80081A634 /* Resources */,
				79EAAF502C6808100081A634 /* Delegate */,
				79EAAF4F2C68080B0081A634 /* Manager */,
				79EAAF4E2C6808010081A634 /* Extensions */,
				79EAAF4D2C6807FC0081A634 /* Helpers */,
			);
			path = App;
			sourceTree = "<group>";
		};
		79EAAF4C2C6807ED0081A634 /* Module */ = {
			isa = PBXGroup;
			children = (
				79F143F32C68102200FB9E51 /* QR Code Scanner */,
				79EAAF5C2C6808B10081A634 /* Tabbar */,
				79EAAF5B2C6808A90081A634 /* Home */,
				79EAAF5A2C6808A10081A634 /* Saved */,
				79EAAF5D2C6808B60081A634 /* Settings */,
			);
			path = Module;
			sourceTree = "<group>";
		};
		79EAAF4D2C6807FC0081A634 /* Helpers */ = {
			isa = PBXGroup;
			children = (
				79EAAF582C6808870081A634 /* Globals.swift */,
				79D4FC312C6ADFF80037117C /* EmptyView.swift */,
			);
			path = Helpers;
			sourceTree = "<group>";
		};
		79EAAF4E2C6808010081A634 /* Extensions */ = {
			isa = PBXGroup;
			children = (
				798474742C69FFFA009429DB /* UITableView+Extensions.swift */,
				79EAAF562C6808720081A634 /* UIColor+Extensions.swift */,
			);
			path = Extensions;
			sourceTree = "<group>";
		};
		79EAAF4F2C68080B0081A634 /* Manager */ = {
			isa = PBXGroup;
			children = (
				79F143F82C683C0600FB9E51 /* CoreDataHelper.swift */,
				79EAAF542C6808580081A634 /* APIManager.swift */,
			);
			path = Manager;
			sourceTree = "<group>";
		};
		79EAAF502C6808100081A634 /* Delegate */ = {
			isa = PBXGroup;
			children = (
				79EAAF342C6807720081A634 /* AppDelegate.swift */,
			);
			path = Delegate;
			sourceTree = "<group>";
		};
		79EAAF512C68081A0081A634 /* Models */ = {
			isa = PBXGroup;
			children = (
				79D4FC2F2C6ADC9B0037117C /* OAuth.swift */,
				79EAAF522C68082E0081A634 /* Task.swift */,
			);
			path = Models;
			sourceTree = "<group>";
		};
		79EAAF5A2C6808A10081A634 /* Saved */ = {
			isa = PBXGroup;
			children = (
				79F143FC2C69EE5200FB9E51 /* View */,
				79EAAF5E2C6808BF0081A634 /* Controller */,
			);
			path = Saved;
			sourceTree = "<group>";
		};
		79EAAF5B2C6808A90081A634 /* Home */ = {
			isa = PBXGroup;
			children = (
				79EAAF612C6808D00081A634 /* View */,
				79EAAF602C6808C90081A634 /* Controller */,
			);
			path = Home;
			sourceTree = "<group>";
		};
		79EAAF5C2C6808B10081A634 /* Tabbar */ = {
			isa = PBXGroup;
			children = (
				79EAAF632C6808DA0081A634 /* View */,
				79EAAF622C6808D40081A634 /* Controller */,
			);
			path = Tabbar;
			sourceTree = "<group>";
		};
		79EAAF5D2C6808B60081A634 /* Settings */ = {
			isa = PBXGroup;
			children = (
				79EAAF652C6808E60081A634 /* View */,
				79EAAF642C6808DF0081A634 /* Controller */,
			);
			path = Settings;
			sourceTree = "<group>";
		};
		79EAAF5E2C6808BF0081A634 /* Controller */ = {
			isa = PBXGroup;
			children = (
				79EAAF722C6809A00081A634 /* SavedVC.swift */,
			);
			path = Controller;
			sourceTree = "<group>";
		};
		79EAAF602C6808C90081A634 /* Controller */ = {
			isa = PBXGroup;
			children = (
				79EAAF702C6809600081A634 /* HomeVC.swift */,
			);
			path = Controller;
			sourceTree = "<group>";
		};
		79EAAF612C6808D00081A634 /* View */ = {
			isa = PBXGroup;
			children = (
				79EAAF6E2C68094C0081A634 /* HomeTableView.swift */,
				79EAAF6C2C68093D0081A634 /* HomeTableViewCell.swift */,
			);
			path = View;
			sourceTree = "<group>";
		};
		79EAAF622C6808D40081A634 /* Controller */ = {
			isa = PBXGroup;
			children = (
				79EAAF6A2C6809210081A634 /* TabbarController.swift */,
			);
			path = Controller;
			sourceTree = "<group>";
		};
		79EAAF632C6808DA0081A634 /* View */ = {
			isa = PBXGroup;
			children = (
				79EAAF682C68090C0081A634 /* TopView.swift */,
			);
			path = View;
			sourceTree = "<group>";
		};
		79EAAF642C6808DF0081A634 /* Controller */ = {
			isa = PBXGroup;
			children = (
				79EAAF662C6808F70081A634 /* SettingsVC.swift */,
			);
			path = Controller;
			sourceTree = "<group>";
		};
		79EAAF652C6808E60081A634 /* View */ = {
			isa = PBXGroup;
			children = (
			);
			path = View;
			sourceTree = "<group>";
		};
		79EAAF7D2C680AE80081A634 /* Resources */ = {
			isa = PBXGroup;
			children = (
				79EAAF402C6807730081A634 /* Assets.xcassets */,
			);
			path = Resources;
			sourceTree = "<group>";
		};
		79F143F32C68102200FB9E51 /* QR Code Scanner */ = {
			isa = PBXGroup;
			children = (
				79F143F52C68103E00FB9E51 /* View */,
				79F143F42C68103600FB9E51 /* Controller */,
			);
			path = "QR Code Scanner";
			sourceTree = "<group>";
		};
		79F143F42C68103600FB9E51 /* Controller */ = {
			isa = PBXGroup;
			children = (
				79F143F62C68104F00FB9E51 /* QRCodeScannerVC.swift */,
			);
			path = Controller;
			sourceTree = "<group>";
		};
		79F143F52C68103E00FB9E51 /* View */ = {
			isa = PBXGroup;
			children = (
			);
			path = View;
			sourceTree = "<group>";
		};
		79F143FC2C69EE5200FB9E51 /* View */ = {
			isa = PBXGroup;
			children = (
				79F143FD2C69EE7E00FB9E51 /* SavedTableViewCell.swift */,
				79F143FA2C69EE3800FB9E51 /* SavedTableView.swift */,
			);
			path = View;
			sourceTree = "<group>";
		};
/* End PBXGroup section */

/* Begin PBXNativeTarget section */
		79EAAF302C6807720081A634 /* BauBuddy */ = {
			isa = PBXNativeTarget;
			buildConfigurationList = 79EAAF482C6807730081A634 /* Build configuration list for PBXNativeTarget "BauBuddy" */;
			buildPhases = (
				79EAAF2D2C6807720081A634 /* Sources */,
				79EAAF2E2C6807720081A634 /* Frameworks */,
				79EAAF2F2C6807720081A634 /* Resources */,
			);
			buildRules = (
			);
			dependencies = (
			);
			name = BauBuddy;
			packageProductDependencies = (
				79EAAF752C6809FA0081A634 /* Alamofire */,
				79EAAF782C680A300081A634 /* Hero */,
				79EAAF7B2C680A400081A634 /* SnapKit */,
			);
			productName = BauBuddy;
			productReference = 79EAAF312C6807720081A634 /* BauBuddy.app */;
			productType = "com.apple.product-type.application";
		};
/* End PBXNativeTarget section */

/* Begin PBXProject section */
		79EAAF292C6807720081A634 /* Project object */ = {
			isa = PBXProject;
			attributes = {
				BuildIndependentTargetsInParallel = 1;
				LastSwiftUpdateCheck = 1600;
				LastUpgradeCheck = 1600;
				TargetAttributes = {
					79EAAF302C6807720081A634 = {
						CreatedOnToolsVersion = 16.0;
					};
				};
			};
			buildConfigurationList = 79EAAF2C2C6807720081A634 /* Build configuration list for PBXProject "BauBuddy" */;
			compatibilityVersion = "Xcode 15.0";
			developmentRegion = en;
			hasScannedForEncodings = 0;
			knownRegions = (
				en,
				Base,
			);
			mainGroup = 79EAAF282C6807720081A634;
			packageReferences = (
				79EAAF742C6809FA0081A634 /* XCRemoteSwiftPackageReference "Alamofire" */,
				79EAAF772C680A300081A634 /* XCRemoteSwiftPackageReference "Hero" */,
				79EAAF7A2C680A400081A634 /* XCRemoteSwiftPackageReference "SnapKit" */,
			);
			productRefGroup = 79EAAF322C6807720081A634 /* Products */;
			projectDirPath = "";
			projectRoot = "";
			targets = (
				79EAAF302C6807720081A634 /* BauBuddy */,
			);
		};
/* End PBXProject section */

/* Begin PBXResourcesBuildPhase section */
		79EAAF2F2C6807720081A634 /* Resources */ = {
			isa = PBXResourcesBuildPhase;
			buildActionMask = 2147483647;
			files = (
				79EAAF412C6807730081A634 /* Assets.xcassets in Resources */,
			);
			runOnlyForDeploymentPostprocessing = 0;
		};
/* End PBXResourcesBuildPhase section */

/* Begin PBXSourcesBuildPhase section */
		79EAAF2D2C6807720081A634 /* Sources */ = {
			isa = PBXSourcesBuildPhase;
			buildActionMask = 2147483647;
			files = (
				79F143F92C683C0B00FB9E51 /* CoreDataHelper.swift in Sources */,
				79F143FE2C69EE7F00FB9E51 /* SavedTableViewCell.swift in Sources */,
				79EAAF552C68085D0081A634 /* APIManager.swift in Sources */,
				79EAAF572C6808730081A634 /* UIColor+Extensions.swift in Sources */,
				79EAAF592C6808890081A634 /* Globals.swift in Sources */,
				79EAAF3F2C6807720081A634 /* BauBuddy.xcdatamodeld in Sources */,
				79EAAF532C6808300081A634 /* Task.swift in Sources */,
				79EAAF352C6807720081A634 /* AppDelegate.swift in Sources */,
				79EAAF6F2C6809500081A634 /* HomeTableView.swift in Sources */,
				798474752C6A0003009429DB /* UITableView+Extensions.swift in Sources */,
				79EAAF6D2C68093E0081A634 /* HomeTableViewCell.swift in Sources */,
				79EAAF692C68090F0081A634 /* TopView.swift in Sources */,
				79EAAF712C6809630081A634 /* HomeVC.swift in Sources */,
				79F143FB2C69EE4100FB9E51 /* SavedTableView.swift in Sources */,
				79EAAF6B2C6809250081A634 /* TabbarController.swift in Sources */,
				79D4FC302C6ADCAE0037117C /* OAuth.swift in Sources */,
				79D4FC322C6ADFFC0037117C /* EmptyView.swift in Sources */,
				79F143F72C68105000FB9E51 /* QRCodeScannerVC.swift in Sources */,
				79EAAF732C6809A90081A634 /* SavedVC.swift in Sources */,
				79EAAF672C6808FB0081A634 /* SettingsVC.swift in Sources */,
			);
			runOnlyForDeploymentPostprocessing = 0;
		};
/* End PBXSourcesBuildPhase section */

/* Begin XCBuildConfiguration section */
		79EAAF462C6807730081A634 /* Debug */ = {
			isa = XCBuildConfiguration;
			buildSettings = {
				ALWAYS_SEARCH_USER_PATHS = NO;
				ASSETCATALOG_COMPILER_GENERATE_SWIFT_ASSET_SYMBOL_EXTENSIONS = YES;
				CLANG_ANALYZER_NONNULL = YES;
				CLANG_ANALYZER_NUMBER_OBJECT_CONVERSION = YES_AGGRESSIVE;
				CLANG_CXX_LANGUAGE_STANDARD = "gnu++20";
				CLANG_ENABLE_MODULES = YES;
				CLANG_ENABLE_OBJC_ARC = YES;
				CLANG_ENABLE_OBJC_WEAK = YES;
				CLANG_WARN_BLOCK_CAPTURE_AUTORELEASING = YES;
				CLANG_WARN_BOOL_CONVERSION = YES;
				CLANG_WARN_COMMA = YES;
				CLANG_WARN_CONSTANT_CONVERSION = YES;
				CLANG_WARN_DEPRECATED_OBJC_IMPLEMENTATIONS = YES;
				CLANG_WARN_DIRECT_OBJC_ISA_USAGE = YES_ERROR;
				CLANG_WARN_DOCUMENTATION_COMMENTS = YES;
				CLANG_WARN_EMPTY_BODY = YES;
				CLANG_WARN_ENUM_CONVERSION = YES;
				CLANG_WARN_INFINITE_RECURSION = YES;
				CLANG_WARN_INT_CONVERSION = YES;
				CLANG_WARN_NON_LITERAL_NULL_CONVERSION = YES;
				CLANG_WARN_OBJC_IMPLICIT_RETAIN_SELF = YES;
				CLANG_WARN_OBJC_LITERAL_CONVERSION = YES;
				CLANG_WARN_OBJC_ROOT_CLASS = YES_ERROR;
				CLANG_WARN_QUOTED_INCLUDE_IN_FRAMEWORK_HEADER = YES;
				CLANG_WARN_RANGE_LOOP_ANALYSIS = YES;
				CLANG_WARN_STRICT_PROTOTYPES = YES;
				CLANG_WARN_SUSPICIOUS_MOVE = YES;
				CLANG_WARN_UNGUARDED_AVAILABILITY = YES_AGGRESSIVE;
				CLANG_WARN_UNREACHABLE_CODE = YES;
				CLANG_WARN__DUPLICATE_METHOD_MATCH = YES;
				COPY_PHASE_STRIP = NO;
				DEBUG_INFORMATION_FORMAT = dwarf;
				ENABLE_STRICT_OBJC_MSGSEND = YES;
				ENABLE_TESTABILITY = YES;
				ENABLE_USER_SCRIPT_SANDBOXING = YES;
				GCC_C_LANGUAGE_STANDARD = gnu17;
				GCC_DYNAMIC_NO_PIC = NO;
				GCC_NO_COMMON_BLOCKS = YES;
				GCC_OPTIMIZATION_LEVEL = 0;
				GCC_PREPROCESSOR_DEFINITIONS = (
					"DEBUG=1",
					"$(inherited)",
				);
				GCC_WARN_64_TO_32_BIT_CONVERSION = YES;
				GCC_WARN_ABOUT_RETURN_TYPE = YES_ERROR;
				GCC_WARN_UNDECLARED_SELECTOR = YES;
				GCC_WARN_UNINITIALIZED_AUTOS = YES_AGGRESSIVE;
				GCC_WARN_UNUSED_FUNCTION = YES;
				GCC_WARN_UNUSED_VARIABLE = YES;
				IPHONEOS_DEPLOYMENT_TARGET = 18.0;
				LOCALIZATION_PREFERS_STRING_CATALOGS = YES;
				MTL_ENABLE_DEBUG_INFO = INCLUDE_SOURCE;
				MTL_FAST_MATH = YES;
				ONLY_ACTIVE_ARCH = YES;
				SDKROOT = iphoneos;
				SWIFT_ACTIVE_COMPILATION_CONDITIONS = "DEBUG $(inherited)";
				SWIFT_OPTIMIZATION_LEVEL = "-Onone";
			};
			name = Debug;
		};
		79EAAF472C6807730081A634 /* Release */ = {
			isa = XCBuildConfiguration;
			buildSettings = {
				ALWAYS_SEARCH_USER_PATHS = NO;
				ASSETCATALOG_COMPILER_GENERATE_SWIFT_ASSET_SYMBOL_EXTENSIONS = YES;
				CLANG_ANALYZER_NONNULL = YES;
				CLANG_ANALYZER_NUMBER_OBJECT_CONVERSION = YES_AGGRESSIVE;
				CLANG_CXX_LANGUAGE_STANDARD = "gnu++20";
				CLANG_ENABLE_MODULES = YES;
				CLANG_ENABLE_OBJC_ARC = YES;
				CLANG_ENABLE_OBJC_WEAK = YES;
				CLANG_WARN_BLOCK_CAPTURE_AUTORELEASING = YES;
				CLANG_WARN_BOOL_CONVERSION = YES;
				CLANG_WARN_COMMA = YES;
				CLANG_WARN_CONSTANT_CONVERSION = YES;
				CLANG_WARN_DEPRECATED_OBJC_IMPLEMENTATIONS = YES;
				CLANG_WARN_DIRECT_OBJC_ISA_USAGE = YES_ERROR;
				CLANG_WARN_DOCUMENTATION_COMMENTS = YES;
				CLANG_WARN_EMPTY_BODY = YES;
				CLANG_WARN_ENUM_CONVERSION = YES;
				CLANG_WARN_INFINITE_RECURSION = YES;
				CLANG_WARN_INT_CONVERSION = YES;
				CLANG_WARN_NON_LITERAL_NULL_CONVERSION = YES;
				CLANG_WARN_OBJC_IMPLICIT_RETAIN_SELF = YES;
				CLANG_WARN_OBJC_LITERAL_CONVERSION = YES;
				CLANG_WARN_OBJC_ROOT_CLASS = YES_ERROR;
				CLANG_WARN_QUOTED_INCLUDE_IN_FRAMEWORK_HEADER = YES;
				CLANG_WARN_RANGE_LOOP_ANALYSIS = YES;
				CLANG_WARN_STRICT_PROTOTYPES = YES;
				CLANG_WARN_SUSPICIOUS_MOVE = YES;
				CLANG_WARN_UNGUARDED_AVAILABILITY = YES_AGGRESSIVE;
				CLANG_WARN_UNREACHABLE_CODE = YES;
				CLANG_WARN__DUPLICATE_METHOD_MATCH = YES;
				COPY_PHASE_STRIP = NO;
				DEBUG_INFORMATION_FORMAT = "dwarf-with-dsym";
				ENABLE_NS_ASSERTIONS = NO;
				ENABLE_STRICT_OBJC_MSGSEND = YES;
				ENABLE_USER_SCRIPT_SANDBOXING = YES;
				GCC_C_LANGUAGE_STANDARD = gnu17;
				GCC_NO_COMMON_BLOCKS = YES;
				GCC_WARN_64_TO_32_BIT_CONVERSION = YES;
				GCC_WARN_ABOUT_RETURN_TYPE = YES_ERROR;
				GCC_WARN_UNDECLARED_SELECTOR = YES;
				GCC_WARN_UNINITIALIZED_AUTOS = YES_AGGRESSIVE;
				GCC_WARN_UNUSED_FUNCTION = YES;
				GCC_WARN_UNUSED_VARIABLE = YES;
				IPHONEOS_DEPLOYMENT_TARGET = 18.0;
				LOCALIZATION_PREFERS_STRING_CATALOGS = YES;
				MTL_ENABLE_DEBUG_INFO = NO;
				MTL_FAST_MATH = YES;
				SDKROOT = iphoneos;
				SWIFT_COMPILATION_MODE = wholemodule;
				VALIDATE_PRODUCT = YES;
			};
			name = Release;
		};
		79EAAF492C6807730081A634 /* Debug */ = {
			isa = XCBuildConfiguration;
			buildSettings = {
				ASSETCATALOG_COMPILER_APPICON_NAME = AppIcon;
				ASSETCATALOG_COMPILER_GLOBAL_ACCENT_COLOR_NAME = AccentColor;
				CODE_SIGN_STYLE = Automatic;
				CURRENT_PROJECT_VERSION = 1;
				DEVELOPMENT_TEAM = 2LMMR78P6J;
				GENERATE_INFOPLIST_FILE = YES;
				INFOPLIST_FILE = BauBuddy/Info.plist;
				INFOPLIST_KEY_UIApplicationSupportsIndirectInputEvents = YES;
				INFOPLIST_KEY_UILaunchStoryboardName = LaunchScreen;
				INFOPLIST_KEY_UISupportedInterfaceOrientations_iPad = "UIInterfaceOrientationPortrait UIInterfaceOrientationPortraitUpsideDown UIInterfaceOrientationLandscapeLeft UIInterfaceOrientationLandscapeRight";
				INFOPLIST_KEY_UISupportedInterfaceOrientations_iPhone = "UIInterfaceOrientationPortrait UIInterfaceOrientationLandscapeLeft UIInterfaceOrientationLandscapeRight";
				IPHONEOS_DEPLOYMENT_TARGET = 15.0;
				LD_RUNPATH_SEARCH_PATHS = (
					"$(inherited)",
					"@executable_path/Frameworks",
				);
				MARKETING_VERSION = 1.0;
				PRODUCT_BUNDLE_IDENTIFIER = com.cihangirincaz.BauBuddy;
				PRODUCT_NAME = "$(TARGET_NAME)";
				SWIFT_EMIT_LOC_STRINGS = YES;
				SWIFT_VERSION = 5.0;
				TARGETED_DEVICE_FAMILY = "1,2";
			};
			name = Debug;
		};
		79EAAF4A2C6807730081A634 /* Release */ = {
			isa = XCBuildConfiguration;
			buildSettings = {
				ASSETCATALOG_COMPILER_APPICON_NAME = AppIcon;
				ASSETCATALOG_COMPILER_GLOBAL_ACCENT_COLOR_NAME = AccentColor;
				CODE_SIGN_STYLE = Automatic;
				CURRENT_PROJECT_VERSION = 1;
				DEVELOPMENT_TEAM = 2LMMR78P6J;
				GENERATE_INFOPLIST_FILE = YES;
				INFOPLIST_FILE = BauBuddy/Info.plist;
				INFOPLIST_KEY_UIApplicationSupportsIndirectInputEvents = YES;
				INFOPLIST_KEY_UILaunchStoryboardName = LaunchScreen;
				INFOPLIST_KEY_UISupportedInterfaceOrientations_iPad = "UIInterfaceOrientationPortrait UIInterfaceOrientationPortraitUpsideDown UIInterfaceOrientationLandscapeLeft UIInterfaceOrientationLandscapeRight";
				INFOPLIST_KEY_UISupportedInterfaceOrientations_iPhone = "UIInterfaceOrientationPortrait UIInterfaceOrientationLandscapeLeft UIInterfaceOrientationLandscapeRight";
				IPHONEOS_DEPLOYMENT_TARGET = 15.0;
				LD_RUNPATH_SEARCH_PATHS = (
					"$(inherited)",
					"@executable_path/Frameworks",
				);
				MARKETING_VERSION = 1.0;
				PRODUCT_BUNDLE_IDENTIFIER = com.cihangirincaz.BauBuddy;
				PRODUCT_NAME = "$(TARGET_NAME)";
				SWIFT_EMIT_LOC_STRINGS = YES;
				SWIFT_VERSION = 5.0;
				TARGETED_DEVICE_FAMILY = "1,2";
			};
			name = Release;
		};
/* End XCBuildConfiguration section */

/* Begin XCConfigurationList section */
		79EAAF2C2C6807720081A634 /* Build configuration list for PBXProject "BauBuddy" */ = {
			isa = XCConfigurationList;
			buildConfigurations = (
				79EAAF462C6807730081A634 /* Debug */,
				79EAAF472C6807730081A634 /* Release */,
			);
			defaultConfigurationIsVisible = 0;
			defaultConfigurationName = Release;
		};
		79EAAF482C6807730081A634 /* Build configuration list for PBXNativeTarget "BauBuddy" */ = {
			isa = XCConfigurationList;
			buildConfigurations = (
				79EAAF492C6807730081A634 /* Debug */,
				79EAAF4A2C6807730081A634 /* Release */,
			);
			defaultConfigurationIsVisible = 0;
			defaultConfigurationName = Release;
		};
/* End XCConfigurationList section */

/* Begin XCRemoteSwiftPackageReference section */
		79EAAF742C6809FA0081A634 /* XCRemoteSwiftPackageReference "Alamofire" */ = {
			isa = XCRemoteSwiftPackageReference;
			repositoryURL = "https://github.com/Alamofire/Alamofire.git";
			requirement = {
				kind = upToNextMajorVersion;
				minimumVersion = 5.9.1;
			};
		};
		79EAAF772C680A300081A634 /* XCRemoteSwiftPackageReference "Hero" */ = {
			isa = XCRemoteSwiftPackageReference;
			repositoryURL = "https://github.com/HeroTransitions/Hero";
			requirement = {
				kind = upToNextMajorVersion;
				minimumVersion = 1.6.3;
			};
		};
		79EAAF7A2C680A400081A634 /* XCRemoteSwiftPackageReference "SnapKit" */ = {
			isa = XCRemoteSwiftPackageReference;
			repositoryURL = "https://github.com/SnapKit/SnapKit";
			requirement = {
				kind = upToNextMajorVersion;
				minimumVersion = 5.7.1;
			};
		};
/* End XCRemoteSwiftPackageReference section */

/* Begin XCSwiftPackageProductDependency section */
		79EAAF752C6809FA0081A634 /* Alamofire */ = {
			isa = XCSwiftPackageProductDependency;
			package = 79EAAF742C6809FA0081A634 /* XCRemoteSwiftPackageReference "Alamofire" */;
			productName = Alamofire;
		};
		79EAAF782C680A300081A634 /* Hero */ = {
			isa = XCSwiftPackageProductDependency;
			package = 79EAAF772C680A300081A634 /* XCRemoteSwiftPackageReference "Hero" */;
			productName = Hero;
		};
		79EAAF7B2C680A400081A634 /* SnapKit */ = {
			isa = XCSwiftPackageProductDependency;
			package = 79EAAF7A2C680A400081A634 /* XCRemoteSwiftPackageReference "SnapKit" */;
			productName = SnapKit;
		};
/* End XCSwiftPackageProductDependency section */

/* Begin XCVersionGroup section */
		79EAAF3D2C6807720081A634 /* BauBuddy.xcdatamodeld */ = {
			isa = XCVersionGroup;
			children = (
				79EAAF3E2C6807720081A634 /* BauBuddy.xcdatamodel */,
			);
			currentVersion = 79EAAF3E2C6807720081A634 /* BauBuddy.xcdatamodel */;
			path = BauBuddy.xcdatamodeld;
			sourceTree = "<group>";
			versionGroupType = wrapper.xcdatamodel;
		};
/* End XCVersionGroup section */
	};
	rootObject = 79EAAF292C6807720081A634 /* Project object */;
}
